{
  "nodes": {
    "fish-flake": {
      "inputs": {
        "flake-utils": "flake-utils",
        "nixpkgs": [
          "nixpkgs-unstable"
        ]
      },
      "locked": {
        "dir": "fish",
        "lastModified": 1732556111,
        "narHash": "sha256-qWs1JS3bm4Qj9aSTZgpwmkAEtlcpjLsgb8RozvXbXRk=",
        "ref": "refs/heads/master",
        "rev": "784a34d98c3a7e4bdeb0d31d14212c01739e7e32",
        "revCount": 8,
        "type": "git",
        "url": "ssh://git@github.com/float3/flakes.git?dir=fish"
      },
      "original": {
        "dir": "fish",
        "type": "git",
        "url": "ssh://git@github.com/float3/flakes.git?dir=fish"
      }
    },
    "flake-utils": {
      "inputs": {
        "systems": "systems"
      },
      "locked": {
        "lastModified": 1731533236,
        "narHash": "sha256-l0KFg5HjrsfsO/JpG+r7fRrqm12kzFHyUHqHCVpMMbI=",
        "owner": "numtide",
        "repo": "flake-utils",
        "rev": "11707dc2f618dd54ca8739b309ec4fc024de578b",
        "type": "github"
      },
      "original": {
        "owner": "numtide",
        "repo": "flake-utils",
        "type": "github"
      }
    },
    "flake-utils_2": {
      "inputs": {
        "systems": "systems_2"
      },
      "locked": {
        "lastModified": 1731533236,
        "narHash": "sha256-l0KFg5HjrsfsO/JpG+r7fRrqm12kzFHyUHqHCVpMMbI=",
        "owner": "numtide",
        "repo": "flake-utils",
        "rev": "11707dc2f618dd54ca8739b309ec4fc024de578b",
        "type": "github"
      },
      "original": {
        "id": "flake-utils",
        "type": "indirect"
      }
    },
    "flake-utils_3": {
      "inputs": {
        "systems": "systems_3"
      },
      "locked": {
        "lastModified": 1731533236,
        "narHash": "sha256-l0KFg5HjrsfsO/JpG+r7fRrqm12kzFHyUHqHCVpMMbI=",
        "owner": "numtide",
        "repo": "flake-utils",
        "rev": "11707dc2f618dd54ca8739b309ec4fc024de578b",
        "type": "github"
      },
      "original": {
        "owner": "numtide",
        "repo": "flake-utils",
        "type": "github"
      }
    },
    "flake-utils_4": {
      "inputs": {
        "systems": "systems_4"
      },
      "locked": {
        "lastModified": 1731533236,
        "narHash": "sha256-l0KFg5HjrsfsO/JpG+r7fRrqm12kzFHyUHqHCVpMMbI=",
        "owner": "numtide",
        "repo": "flake-utils",
        "rev": "11707dc2f618dd54ca8739b309ec4fc024de578b",
        "type": "github"
      },
      "original": {
        "owner": "numtide",
        "repo": "flake-utils",
        "type": "github"
      }
    },
    "nixpkgs-stable": {
      "locked": {
        "lastModified": 1732555906,
        "narHash": "sha256-0/Oc/JRS13aw21XLK/+ihqcXLvuO50jBDT1C4QhicNc=",
        "owner": "nixos",
        "repo": "nixpkgs",
        "rev": "146aa3932144b59851c9d75e9b52c6f203d536bf",
        "type": "github"
      },
      "original": {
        "owner": "nixos",
        "ref": "release-24.11",
        "repo": "nixpkgs",
        "type": "github"
      }
    },
    "nixpkgs-unstable": {
      "locked": {
        "lastModified": 1732014248,
        "narHash": "sha256-y/MEyuJ5oBWrWAic/14LaIr/u5E0wRVzyYsouYY3W6w=",
        "owner": "nixos",
        "repo": "nixpkgs",
        "rev": "23e89b7da85c3640bbc2173fe04f4bd114342367",
        "type": "github"
      },
      "original": {
        "owner": "nixos",
        "ref": "nixos-unstable",
        "repo": "nixpkgs",
        "type": "github"
      }
    },
    "nordic": {
      "flake": false,
      "locked": {
        "lastModified": 1656106219,
        "narHash": "sha256-pKnFHaRBRVIgjn77gQHdGuznPelSkHzebNxuqfxgomM=",
        "type": "tarball",
        "url": "https://github.com/EliverLara/Nordic/releases/download/v2.2.0/Nordic.tar.xz"
      },
      "original": {
        "type": "tarball",
        "url": "https://github.com/EliverLara/Nordic/releases/download/v2.2.0/Nordic.tar.xz"
      }
    },
    "root": {
      "inputs": {
        "fish-flake": "fish-flake",
        "flake-utils": "flake-utils_2",
        "nixpkgs-stable": "nixpkgs-stable",
        "nixpkgs-unstable": "nixpkgs-unstable",
        "nordic": "nordic",
        "tmux-flake": "tmux-flake",
        "vim-flake": "vim-flake",
        "vim-ime": "vim-ime"
      }
    },
    "systems": {
      "locked": {
        "lastModified": 1681028828,
        "narHash": "sha256-Vy1rq5AaRuLzOxct8nz4T6wlgyUR7zLU309k9mBC768=",
        "owner": "nix-systems",
        "repo": "default",
        "rev": "da67096a3b9bf56a91d16901293e51ba5b49a27e",
        "type": "github"
      },
      "original": {
        "owner": "nix-systems",
        "repo": "default",
        "type": "github"
      }
    },
    "systems_2": {
      "locked": {
        "lastModified": 1681028828,
        "narHash": "sha256-Vy1rq5AaRuLzOxct8nz4T6wlgyUR7zLU309k9mBC768=",
        "owner": "nix-systems",
        "repo": "default",
        "rev": "da67096a3b9bf56a91d16901293e51ba5b49a27e",
        "type": "github"
      },
      "original": {
        "owner": "nix-systems",
        "repo": "default",
        "type": "github"
      }
    },
    "systems_3": {
      "locked": {
        "lastModified": 1681028828,
        "narHash": "sha256-Vy1rq5AaRuLzOxct8nz4T6wlgyUR7zLU309k9mBC768=",
        "owner": "nix-systems",
        "repo": "default",
        "rev": "da67096a3b9bf56a91d16901293e51ba5b49a27e",
        "type": "github"
      },
      "original": {
        "owner": "nix-systems",
        "repo": "default",
        "type": "github"
      }
    },
    "systems_4": {
      "locked": {
        "lastModified": 1681028828,
        "narHash": "sha256-Vy1rq5AaRuLzOxct8nz4T6wlgyUR7zLU309k9mBC768=",
        "owner": "nix-systems",
        "repo": "default",
        "rev": "da67096a3b9bf56a91d16901293e51ba5b49a27e",
        "type": "github"
      },
      "original": {
        "owner": "nix-systems",
        "repo": "default",
        "type": "github"
      }
    },
    "tmux-flake": {
      "inputs": {
        "fish-flake": [
          "fish-flake"
        ],
        "flake-utils": "flake-utils_3",
        "nixpkgs": [
          "nixpkgs-unstable"
        ]
      },
      "locked": {
        "dir": "tmux",
        "lastModified": 1732556111,
        "narHash": "sha256-qWs1JS3bm4Qj9aSTZgpwmkAEtlcpjLsgb8RozvXbXRk=",
        "ref": "refs/heads/master",
        "rev": "784a34d98c3a7e4bdeb0d31d14212c01739e7e32",
        "revCount": 8,
        "type": "git",
        "url": "ssh://git@github.com/float3/flakes.git?dir=tmux"
      },
      "original": {
        "dir": "tmux",
        "type": "git",
        "url": "ssh://git@github.com/float3/flakes.git?dir=tmux"
      }
    },
    "vim-flake": {
      "inputs": {
        "fish-flake": [
          "fish-flake"
        ],
        "flake-utils": "flake-utils_4",
        "nixpkgs": [
          "nixpkgs-unstable"
        ]
      },
      "locked": {
        "dir": "vim",
        "lastModified": 1732556111,
        "narHash": "sha256-qWs1JS3bm4Qj9aSTZgpwmkAEtlcpjLsgb8RozvXbXRk=",
        "ref": "refs/heads/master",
        "rev": "784a34d98c3a7e4bdeb0d31d14212c01739e7e32",
        "revCount": 8,
        "type": "git",
        "url": "ssh://git@github.com/float3/flakes.git?dir=vim"
      },
      "original": {
        "dir": "vim",
        "type": "git",
        "url": "ssh://git@github.com/float3/flakes.git?dir=vim"
      }
    },
    "vim-ime": {
      "flake": false,
      "locked": {
        "lastModified": 1670450748,
        "narHash": "sha256-J5fy57e43tFEX7rGIRZY9Ata4h4xuBv/q9fCun0IIeI=",
        "owner": "heywoodlh",
        "repo": "vim-input-editor",
        "rev": "4a4edd16b28387812ee3f84874121d571eccca0b",
        "type": "github"
      },
      "original": {
        "owner": "heywoodlh",
        "repo": "vim-input-editor",
        "type": "github"
      }
    }
  },
  "root": "root",
  "version": 7
}
